// !$*UTF8*$!
{
	archiveVersion = 1;
	classes = {
	};
	objectVersion = 50;
	objects = {

/* Begin PBXBuildFile section */
		274D9771220DEF65005AC830 /* AppDelegate.swift in Sources */ = {isa = PBXBuildFile; fileRef = 274D9770220DEF65005AC830 /* AppDelegate.swift */; };
		274D9776220DEF65005AC830 /* Main.storyboard in Resources */ = {isa = PBXBuildFile; fileRef = 274D9774220DEF65005AC830 /* Main.storyboard */; };
		274D9778220DEF67005AC830 /* Assets.xcassets in Resources */ = {isa = PBXBuildFile; fileRef = 274D9777220DEF67005AC830 /* Assets.xcassets */; };
		274D977B220DEF67005AC830 /* LaunchScreen.storyboard in Resources */ = {isa = PBXBuildFile; fileRef = 274D9779220DEF67005AC830 /* LaunchScreen.storyboard */; };
		274D9790220E1B05005AC830 /* SplashViewController.swift in Sources */ = {isa = PBXBuildFile; fileRef = 274D978F220E1B05005AC830 /* SplashViewController.swift */; };
		274D9792220E1BDC005AC830 /* LoginViewController.swift in Sources */ = {isa = PBXBuildFile; fileRef = 274D9791220E1BDC005AC830 /* LoginViewController.swift */; };
		274D9793220E1F10005AC830 /* Ride-Bold.ttf in Resources */ = {isa = PBXBuildFile; fileRef = 274D9783220DEFCA005AC830 /* Ride-Bold.ttf */; };
		274D9794220E1F13005AC830 /* Ride-BoldItalic.otf in Resources */ = {isa = PBXBuildFile; fileRef = 274D9784220DEFD0005AC830 /* Ride-BoldItalic.otf */; };
		274D9795220E1F16005AC830 /* Ride-Extrabold.otf in Resources */ = {isa = PBXBuildFile; fileRef = 274D9785220DEFD6005AC830 /* Ride-Extrabold.otf */; };
		274D9796220E1F18005AC830 /* Ride-ExtraboldItalic.ttf in Resources */ = {isa = PBXBuildFile; fileRef = 274D9786220DEFDC005AC830 /* Ride-ExtraboldItalic.ttf */; };
		274D9797220E1F1B005AC830 /* Ride-Italic.otf in Resources */ = {isa = PBXBuildFile; fileRef = 274D9787220DEFE3005AC830 /* Ride-Italic.otf */; };
		274D9798220E1F1E005AC830 /* Ride-Light.ttf in Resources */ = {isa = PBXBuildFile; fileRef = 274D9788220DEFE8005AC830 /* Ride-Light.ttf */; };
		274D9799220E1F20005AC830 /* Ride-LightItalic.otf in Resources */ = {isa = PBXBuildFile; fileRef = 274D9789220DEFF0005AC830 /* Ride-LightItalic.otf */; };
		274D979A220E1F23005AC830 /* Ride-Regular.otf in Resources */ = {isa = PBXBuildFile; fileRef = 274D978A220DF012005AC830 /* Ride-Regular.otf */; };
		274D979B220E1F25005AC830 /* Ride-SemiBold.ttf in Resources */ = {isa = PBXBuildFile; fileRef = 274D978B220DF019005AC830 /* Ride-SemiBold.ttf */; };
		274D979C220E1F28005AC830 /* Ride-SemiBoldItalic.ttf in Resources */ = {isa = PBXBuildFile; fileRef = 274D978C220DF01D005AC830 /* Ride-SemiBoldItalic.ttf */; };
		274D97A0220E2607005AC830 /* BlankViewController.swift in Sources */ = {isa = PBXBuildFile; fileRef = 274D979F220E2607005AC830 /* BlankViewController.swift */; };
		279D831C221F404F00FF9C76 /* VehicleTableViewCell.swift in Sources */ = {isa = PBXBuildFile; fileRef = 279D831B221F404F00FF9C76 /* VehicleTableViewCell.swift */; };
		27DA50EB221DE38F000BB667 /* VehiclesViewController.swift in Sources */ = {isa = PBXBuildFile; fileRef = 27DA50EA221DE38F000BB667 /* VehiclesViewController.swift */; };
		27DA50ED221DE60E000BB667 /* Vehicle.swift in Sources */ = {isa = PBXBuildFile; fileRef = 27DA50EC221DE60E000BB667 /* Vehicle.swift */; };
		29C56F0F2222556300556179 /* HomeViewController.swift in Sources */ = {isa = PBXBuildFile; fileRef = 29C56F0E2222556300556179 /* HomeViewController.swift */; };
		29C56F112222558E00556179 /* CameraViewController.swift in Sources */ = {isa = PBXBuildFile; fileRef = 29C56F102222558E00556179 /* CameraViewController.swift */; };
		29C56F13222256B800556179 /* FinishViewController.swift in Sources */ = {isa = PBXBuildFile; fileRef = 29C56F12222256B800556179 /* FinishViewController.swift */; };
		29C56F1522225D4A00556179 /* SubmitImageViewController.swift in Sources */ = {isa = PBXBuildFile; fileRef = 29C56F1422225D4A00556179 /* SubmitImageViewController.swift */; };
		B872E60B724926EA2F092389 /* Pods_HertzKiosk_iPad.framework in Frameworks */ = {isa = PBXBuildFile; fileRef = DA62BF25CC430E7CC34812C4 /* Pods_HertzKiosk_iPad.framework */; };
/* End PBXBuildFile section */

/* Begin PBXFileReference section */
		09FFC9831608472FBD169B15 /* Pods-HertzKiosk-iPad.debug.xcconfig */ = {isa = PBXFileReference; includeInIndex = 1; lastKnownFileType = text.xcconfig; name = "Pods-HertzKiosk-iPad.debug.xcconfig"; path = "Pods/Target Support Files/Pods-HertzKiosk-iPad/Pods-HertzKiosk-iPad.debug.xcconfig"; sourceTree = "<group>"; };
		0DF9AA6586FFEC238E443949 /* Pods-HertzKiosk-iPad.release.xcconfig */ = {isa = PBXFileReference; includeInIndex = 1; lastKnownFileType = text.xcconfig; name = "Pods-HertzKiosk-iPad.release.xcconfig"; path = "Pods/Target Support Files/Pods-HertzKiosk-iPad/Pods-HertzKiosk-iPad.release.xcconfig"; sourceTree = "<group>"; };
		274D976D220DEF65005AC830 /* HertzKiosk-iPad.app */ = {isa = PBXFileReference; explicitFileType = wrapper.application; includeInIndex = 0; path = "HertzKiosk-iPad.app"; sourceTree = BUILT_PRODUCTS_DIR; };
		274D9770220DEF65005AC830 /* AppDelegate.swift */ = {isa = PBXFileReference; lastKnownFileType = sourcecode.swift; path = AppDelegate.swift; sourceTree = "<group>"; };
		274D9775220DEF65005AC830 /* Base */ = {isa = PBXFileReference; lastKnownFileType = file.storyboard; name = Base; path = Base.lproj/Main.storyboard; sourceTree = "<group>"; };
		274D9777220DEF67005AC830 /* Assets.xcassets */ = {isa = PBXFileReference; lastKnownFileType = folder.assetcatalog; path = Assets.xcassets; sourceTree = "<group>"; };
		274D977A220DEF67005AC830 /* Base */ = {isa = PBXFileReference; lastKnownFileType = file.storyboard; name = Base; path = Base.lproj/LaunchScreen.storyboard; sourceTree = "<group>"; };
		274D977C220DEF67005AC830 /* Info.plist */ = {isa = PBXFileReference; lastKnownFileType = text.plist.xml; path = Info.plist; sourceTree = "<group>"; };
		274D9783220DEFCA005AC830 /* Ride-Bold.ttf */ = {isa = PBXFileReference; lastKnownFileType = file; path = "Ride-Bold.ttf"; sourceTree = "<group>"; };
		274D9784220DEFD0005AC830 /* Ride-BoldItalic.otf */ = {isa = PBXFileReference; lastKnownFileType = file; path = "Ride-BoldItalic.otf"; sourceTree = "<group>"; };
		274D9785220DEFD6005AC830 /* Ride-Extrabold.otf */ = {isa = PBXFileReference; lastKnownFileType = file; path = "Ride-Extrabold.otf"; sourceTree = "<group>"; };
		274D9786220DEFDC005AC830 /* Ride-ExtraboldItalic.ttf */ = {isa = PBXFileReference; lastKnownFileType = file; path = "Ride-ExtraboldItalic.ttf"; sourceTree = "<group>"; };
		274D9787220DEFE3005AC830 /* Ride-Italic.otf */ = {isa = PBXFileReference; lastKnownFileType = file; path = "Ride-Italic.otf"; sourceTree = "<group>"; };
		274D9788220DEFE8005AC830 /* Ride-Light.ttf */ = {isa = PBXFileReference; lastKnownFileType = file; path = "Ride-Light.ttf"; sourceTree = "<group>"; };
		274D9789220DEFF0005AC830 /* Ride-LightItalic.otf */ = {isa = PBXFileReference; lastKnownFileType = file; path = "Ride-LightItalic.otf"; sourceTree = "<group>"; };
		274D978A220DF012005AC830 /* Ride-Regular.otf */ = {isa = PBXFileReference; lastKnownFileType = file; path = "Ride-Regular.otf"; sourceTree = "<group>"; };
		274D978B220DF019005AC830 /* Ride-SemiBold.ttf */ = {isa = PBXFileReference; lastKnownFileType = file; path = "Ride-SemiBold.ttf"; sourceTree = "<group>"; };
		274D978C220DF01D005AC830 /* Ride-SemiBoldItalic.ttf */ = {isa = PBXFileReference; lastKnownFileType = file; path = "Ride-SemiBoldItalic.ttf"; sourceTree = "<group>"; };
		274D978F220E1B05005AC830 /* SplashViewController.swift */ = {isa = PBXFileReference; lastKnownFileType = sourcecode.swift; path = SplashViewController.swift; sourceTree = "<group>"; };
		274D9791220E1BDC005AC830 /* LoginViewController.swift */ = {isa = PBXFileReference; lastKnownFileType = sourcecode.swift; path = LoginViewController.swift; sourceTree = "<group>"; };
		274D979F220E2607005AC830 /* BlankViewController.swift */ = {isa = PBXFileReference; lastKnownFileType = sourcecode.swift; path = BlankViewController.swift; sourceTree = "<group>"; };
		279D831B221F404F00FF9C76 /* VehicleTableViewCell.swift */ = {isa = PBXFileReference; lastKnownFileType = sourcecode.swift; path = VehicleTableViewCell.swift; sourceTree = "<group>"; };
		27DA50EA221DE38F000BB667 /* VehiclesViewController.swift */ = {isa = PBXFileReference; lastKnownFileType = sourcecode.swift; path = VehiclesViewController.swift; sourceTree = "<group>"; };
		27DA50EC221DE60E000BB667 /* Vehicle.swift */ = {isa = PBXFileReference; lastKnownFileType = sourcecode.swift; path = Vehicle.swift; sourceTree = "<group>"; };
		29C56F0E2222556300556179 /* HomeViewController.swift */ = {isa = PBXFileReference; lastKnownFileType = sourcecode.swift; path = HomeViewController.swift; sourceTree = "<group>"; };
		29C56F102222558E00556179 /* CameraViewController.swift */ = {isa = PBXFileReference; lastKnownFileType = sourcecode.swift; path = CameraViewController.swift; sourceTree = "<group>"; };
		29C56F12222256B800556179 /* FinishViewController.swift */ = {isa = PBXFileReference; lastKnownFileType = sourcecode.swift; path = FinishViewController.swift; sourceTree = "<group>"; };
		29C56F1422225D4A00556179 /* SubmitImageViewController.swift */ = {isa = PBXFileReference; lastKnownFileType = sourcecode.swift; path = SubmitImageViewController.swift; sourceTree = "<group>"; };
		DA62BF25CC430E7CC34812C4 /* Pods_HertzKiosk_iPad.framework */ = {isa = PBXFileReference; explicitFileType = wrapper.framework; includeInIndex = 0; path = Pods_HertzKiosk_iPad.framework; sourceTree = BUILT_PRODUCTS_DIR; };
/* End PBXFileReference section */

/* Begin PBXFrameworksBuildPhase section */
		274D976A220DEF65005AC830 /* Frameworks */ = {
			isa = PBXFrameworksBuildPhase;
			buildActionMask = 2147483647;
			files = (
				B872E60B724926EA2F092389 /* Pods_HertzKiosk_iPad.framework in Frameworks */,
			);
			runOnlyForDeploymentPostprocessing = 0;
		};
/* End PBXFrameworksBuildPhase section */

/* Begin PBXGroup section */
		274D9764220DEF65005AC830 = {
			isa = PBXGroup;
			children = (
				274D976F220DEF65005AC830 /* HertzKiosk */,
				274D976E220DEF65005AC830 /* Products */,
				D00B969E9AA79EA2DB2E82D7 /* Pods */,
				871B4F9CD330C6C8D399B778 /* Frameworks */,
			);
			sourceTree = "<group>";
		};
		274D976E220DEF65005AC830 /* Products */ = {
			isa = PBXGroup;
			children = (
				274D976D220DEF65005AC830 /* HertzKiosk-iPad.app */,
			);
			name = Products;
			sourceTree = "<group>";
		};
		274D976F220DEF65005AC830 /* HertzKiosk */ = {
			isa = PBXGroup;
			children = (
				274D979E220E1F8B005AC830 /* Ride */,
				274D9770220DEF65005AC830 /* AppDelegate.swift */,
				274D9774220DEF65005AC830 /* Main.storyboard */,
				274D9777220DEF67005AC830 /* Assets.xcassets */,
				274D9779220DEF67005AC830 /* LaunchScreen.storyboard */,
				274D977C220DEF67005AC830 /* Info.plist */,
				274D978F220E1B05005AC830 /* SplashViewController.swift */,
				274D9791220E1BDC005AC830 /* LoginViewController.swift */,
				274D979F220E2607005AC830 /* BlankViewController.swift */,
				27DA50EA221DE38F000BB667 /* VehiclesViewController.swift */,
				27DA50EC221DE60E000BB667 /* Vehicle.swift */,
				279D831B221F404F00FF9C76 /* VehicleTableViewCell.swift */,
				29C56F0E2222556300556179 /* HomeViewController.swift */,
				29C56F102222558E00556179 /* CameraViewController.swift */,
				29C56F1422225D4A00556179 /* SubmitImageViewController.swift */,
				29C56F12222256B800556179 /* FinishViewController.swift */,
			);
			path = HertzKiosk;
			sourceTree = "<group>";
		};
		274D979E220E1F8B005AC830 /* Ride */ = {
			isa = PBXGroup;
			children = (
				274D9783220DEFCA005AC830 /* Ride-Bold.ttf */,
				274D9784220DEFD0005AC830 /* Ride-BoldItalic.otf */,
				274D9785220DEFD6005AC830 /* Ride-Extrabold.otf */,
				274D9786220DEFDC005AC830 /* Ride-ExtraboldItalic.ttf */,
				274D9787220DEFE3005AC830 /* Ride-Italic.otf */,
				274D9788220DEFE8005AC830 /* Ride-Light.ttf */,
				274D9789220DEFF0005AC830 /* Ride-LightItalic.otf */,
				274D978A220DF012005AC830 /* Ride-Regular.otf */,
				274D978B220DF019005AC830 /* Ride-SemiBold.ttf */,
				274D978C220DF01D005AC830 /* Ride-SemiBoldItalic.ttf */,
			);
			path = Ride;
			sourceTree = "<group>";
		};
		871B4F9CD330C6C8D399B778 /* Frameworks */ = {
			isa = PBXGroup;
			children = (
				DA62BF25CC430E7CC34812C4 /* Pods_HertzKiosk_iPad.framework */,
			);
			name = Frameworks;
			sourceTree = "<group>";
		};
		D00B969E9AA79EA2DB2E82D7 /* Pods */ = {
			isa = PBXGroup;
			children = (
				09FFC9831608472FBD169B15 /* Pods-HertzKiosk-iPad.debug.xcconfig */,
				0DF9AA6586FFEC238E443949 /* Pods-HertzKiosk-iPad.release.xcconfig */,
			);
			name = Pods;
			sourceTree = "<group>";
		};
/* End PBXGroup section */

/* Begin PBXNativeTarget section */
		274D976C220DEF65005AC830 /* HertzKiosk-iPad */ = {
			isa = PBXNativeTarget;
			buildConfigurationList = 274D977F220DEF67005AC830 /* Build configuration list for PBXNativeTarget "HertzKiosk-iPad" */;
			buildPhases = (
				6A960909992ADBD2BFD8164B /* [CP] Check Pods Manifest.lock */,
				274D9769220DEF65005AC830 /* Sources */,
				274D976A220DEF65005AC830 /* Frameworks */,
				274D976B220DEF65005AC830 /* Resources */,
				B4A7EDF57CAB080E4191AD4D /* [CP] Embed Pods Frameworks */,
			);
			buildRules = (
			);
			dependencies = (
			);
			name = "HertzKiosk-iPad";
			productName = HertzKiosk;
			productReference = 274D976D220DEF65005AC830 /* HertzKiosk-iPad.app */;
			productType = "com.apple.product-type.application";
		};
/* End PBXNativeTarget section */

/* Begin PBXProject section */
		274D9765220DEF65005AC830 /* Project object */ = {
			isa = PBXProject;
			attributes = {
				LastSwiftUpdateCheck = 1010;
				LastUpgradeCheck = 1010;
				ORGANIZATIONNAME = "Haley Ovenhouse";
				TargetAttributes = {
					274D976C220DEF65005AC830 = {
						CreatedOnToolsVersion = 10.1;
					};
				};
			};
			buildConfigurationList = 274D9768220DEF65005AC830 /* Build configuration list for PBXProject "HertzKiosk-iPad" */;
			compatibilityVersion = "Xcode 9.3";
			developmentRegion = en;
			hasScannedForEncodings = 0;
			knownRegions = (
				en,
				Base,
			);
			mainGroup = 274D9764220DEF65005AC830;
			productRefGroup = 274D976E220DEF65005AC830 /* Products */;
			projectDirPath = "";
			projectRoot = "";
			targets = (
				274D976C220DEF65005AC830 /* HertzKiosk-iPad */,
			);
		};
/* End PBXProject section */

/* Begin PBXResourcesBuildPhase section */
		274D976B220DEF65005AC830 /* Resources */ = {
			isa = PBXResourcesBuildPhase;
			buildActionMask = 2147483647;
			files = (
				274D977B220DEF67005AC830 /* LaunchScreen.storyboard in Resources */,
				274D9795220E1F16005AC830 /* Ride-Extrabold.otf in Resources */,
				274D9794220E1F13005AC830 /* Ride-BoldItalic.otf in Resources */,
				274D979C220E1F28005AC830 /* Ride-SemiBoldItalic.ttf in Resources */,
				274D9778220DEF67005AC830 /* Assets.xcassets in Resources */,
				274D9799220E1F20005AC830 /* Ride-LightItalic.otf in Resources */,
				274D979B220E1F25005AC830 /* Ride-SemiBold.ttf in Resources */,
				274D9776220DEF65005AC830 /* Main.storyboard in Resources */,
				274D9797220E1F1B005AC830 /* Ride-Italic.otf in Resources */,
				274D9798220E1F1E005AC830 /* Ride-Light.ttf in Resources */,
				274D9793220E1F10005AC830 /* Ride-Bold.ttf in Resources */,
				274D9796220E1F18005AC830 /* Ride-ExtraboldItalic.ttf in Resources */,
				274D979A220E1F23005AC830 /* Ride-Regular.otf in Resources */,
			);
			runOnlyForDeploymentPostprocessing = 0;
		};
/* End PBXResourcesBuildPhase section */

/* Begin PBXShellScriptBuildPhase section */
		6A960909992ADBD2BFD8164B /* [CP] Check Pods Manifest.lock */ = {
			isa = PBXShellScriptBuildPhase;
			buildActionMask = 2147483647;
			files = (
			);
			inputFileListPaths = (
			);
			inputPaths = (
				"${PODS_PODFILE_DIR_PATH}/Podfile.lock",
				"${PODS_ROOT}/Manifest.lock",
			);
			name = "[CP] Check Pods Manifest.lock";
			outputFileListPaths = (
			);
			outputPaths = (
				"$(DERIVED_FILE_DIR)/Pods-HertzKiosk-iPad-checkManifestLockResult.txt",
			);
			runOnlyForDeploymentPostprocessing = 0;
			shellPath = /bin/sh;
			shellScript = "diff \"${PODS_PODFILE_DIR_PATH}/Podfile.lock\" \"${PODS_ROOT}/Manifest.lock\" > /dev/null\nif [ $? != 0 ] ; then\n    # print error to STDERR\n    echo \"error: The sandbox is not in sync with the Podfile.lock. Run 'pod install' or update your CocoaPods installation.\" >&2\n    exit 1\nfi\n# This output is used by Xcode 'outputs' to avoid re-running this script phase.\necho \"SUCCESS\" > \"${SCRIPT_OUTPUT_FILE_0}\"\n";
			showEnvVarsInLog = 0;
		};
		B4A7EDF57CAB080E4191AD4D /* [CP] Embed Pods Frameworks */ = {
			isa = PBXShellScriptBuildPhase;
			buildActionMask = 2147483647;
			files = (
			);
			inputFileListPaths = (
			);
			inputPaths = (
				"${SRCROOT}/Pods/Target Support Files/Pods-HertzKiosk-iPad/Pods-HertzKiosk-iPad-frameworks.sh",
				"${BUILT_PRODUCTS_DIR}/LLSimpleCamera/LLSimpleCamera.framework",
			);
			name = "[CP] Embed Pods Frameworks";
			outputFileListPaths = (
			);
			outputPaths = (
				"${TARGET_BUILD_DIR}/${FRAMEWORKS_FOLDER_PATH}/LLSimpleCamera.framework",
			);
			runOnlyForDeploymentPostprocessing = 0;
			shellPath = /bin/sh;
			shellScript = "\"${SRCROOT}/Pods/Target Support Files/Pods-HertzKiosk-iPad/Pods-HertzKiosk-iPad-frameworks.sh\"\n";
			showEnvVarsInLog = 0;
		};
/* End PBXShellScriptBuildPhase section */

/* Begin PBXSourcesBuildPhase section */
		274D9769220DEF65005AC830 /* Sources */ = {
			isa = PBXSourcesBuildPhase;
			buildActionMask = 2147483647;
			files = (
				27DA50ED221DE60E000BB667 /* Vehicle.swift in Sources */,
				29C56F1522225D4A00556179 /* SubmitImageViewController.swift in Sources */,
				279D831C221F404F00FF9C76 /* VehicleTableViewCell.swift in Sources */,
				274D9792220E1BDC005AC830 /* LoginViewController.swift in Sources */,
				29C56F0F2222556300556179 /* HomeViewController.swift in Sources */,
				274D9771220DEF65005AC830 /* AppDelegate.swift in Sources */,
				29C56F13222256B800556179 /* FinishViewController.swift in Sources */,
				274D9790220E1B05005AC830 /* SplashViewController.swift in Sources */,
				274D97A0220E2607005AC830 /* BlankViewController.swift in Sources */,
				27DA50EB221DE38F000BB667 /* VehiclesViewController.swift in Sources */,
				29C56F112222558E00556179 /* CameraViewController.swift in Sources */,
			);
			runOnlyForDeploymentPostprocessing = 0;
		};
/* End PBXSourcesBuildPhase section */

/* Begin PBXVariantGroup section */
		274D9774220DEF65005AC830 /* Main.storyboard */ = {
			isa = PBXVariantGroup;
			children = (
				274D9775220DEF65005AC830 /* Base */,
			);
			name = Main.storyboard;
			sourceTree = "<group>";
		};
		274D9779220DEF67005AC830 /* LaunchScreen.storyboard */ = {
			isa = PBXVariantGroup;
			children = (
				274D977A220DEF67005AC830 /* Base */,
			);
			name = LaunchScreen.storyboard;
			sourceTree = "<group>";
		};
/* End PBXVariantGroup section */

/* Begin XCBuildConfiguration section */
		274D977D220DEF67005AC830 /* Debug */ = {
			isa = XCBuildConfiguration;
			buildSettings = {
				ALWAYS_SEARCH_USER_PATHS = NO;
				CLANG_ANALYZER_NONNULL = YES;
				CLANG_ANALYZER_NUMBER_OBJECT_CONVERSION = YES_AGGRESSIVE;
				CLANG_CXX_LANGUAGE_STANDARD = "gnu++14";
				CLANG_CXX_LIBRARY = "libc++";
				CLANG_ENABLE_MODULES = YES;
				CLANG_ENABLE_OBJC_ARC = YES;
				CLANG_ENABLE_OBJC_WEAK = YES;
				CLANG_WARN_BLOCK_CAPTURE_AUTORELEASING = YES;
				CLANG_WARN_BOOL_CONVERSION = YES;
				CLANG_WARN_COMMA = YES;
				CLANG_WARN_CONSTANT_CONVERSION = YES;
				CLANG_WARN_DEPRECATED_OBJC_IMPLEMENTATIONS = YES;
				CLANG_WARN_DIRECT_OBJC_ISA_USAGE = YES_ERROR;
				CLANG_WARN_DOCUMENTATION_COMMENTS = YES;
				CLANG_WARN_EMPTY_BODY = YES;
				CLANG_WARN_ENUM_CONVERSION = YES;
				CLANG_WARN_INFINITE_RECURSION = YES;
				CLANG_WARN_INT_CONVERSION = YES;
				CLANG_WARN_NON_LITERAL_NULL_CONVERSION = YES;
				CLANG_WARN_OBJC_IMPLICIT_RETAIN_SELF = YES;
				CLANG_WARN_OBJC_LITERAL_CONVERSION = YES;
				CLANG_WARN_OBJC_ROOT_CLASS = YES_ERROR;
				CLANG_WARN_RANGE_LOOP_ANALYSIS = YES;
				CLANG_WARN_STRICT_PROTOTYPES = YES;
				CLANG_WARN_SUSPICIOUS_MOVE = YES;
				CLANG_WARN_UNGUARDED_AVAILABILITY = YES_AGGRESSIVE;
				CLANG_WARN_UNREACHABLE_CODE = YES;
				CLANG_WARN__DUPLICATE_METHOD_MATCH = YES;
				CODE_SIGN_IDENTITY = "iPhone Developer";
				COPY_PHASE_STRIP = NO;
				DEBUG_INFORMATION_FORMAT = dwarf;
				ENABLE_STRICT_OBJC_MSGSEND = YES;
				ENABLE_TESTABILITY = YES;
				GCC_C_LANGUAGE_STANDARD = gnu11;
				GCC_DYNAMIC_NO_PIC = NO;
				GCC_NO_COMMON_BLOCKS = YES;
				GCC_OPTIMIZATION_LEVEL = 0;
				GCC_PREPROCESSOR_DEFINITIONS = (
					"DEBUG=1",
					"$(inherited)",
				);
				GCC_WARN_64_TO_32_BIT_CONVERSION = YES;
				GCC_WARN_ABOUT_RETURN_TYPE = YES_ERROR;
				GCC_WARN_UNDECLARED_SELECTOR = YES;
				GCC_WARN_UNINITIALIZED_AUTOS = YES_AGGRESSIVE;
				GCC_WARN_UNUSED_FUNCTION = YES;
				GCC_WARN_UNUSED_VARIABLE = YES;
				IPHONEOS_DEPLOYMENT_TARGET = 12.1;
				MTL_ENABLE_DEBUG_INFO = INCLUDE_SOURCE;
				MTL_FAST_MATH = YES;
				ONLY_ACTIVE_ARCH = YES;
				SDKROOT = iphoneos;
				SWIFT_ACTIVE_COMPILATION_CONDITIONS = DEBUG;
				SWIFT_OPTIMIZATION_LEVEL = "-Onone";
			};
			name = Debug;
		};
		274D977E220DEF67005AC830 /* Release */ = {
			isa = XCBuildConfiguration;
			buildSettings = {
				ALWAYS_SEARCH_USER_PATHS = NO;
				CLANG_ANALYZER_NONNULL = YES;
				CLANG_ANALYZER_NUMBER_OBJECT_CONVERSION = YES_AGGRESSIVE;
				CLANG_CXX_LANGUAGE_STANDARD = "gnu++14";
				CLANG_CXX_LIBRARY = "libc++";
				CLANG_ENABLE_MODULES = YES;
				CLANG_ENABLE_OBJC_ARC = YES;
				CLANG_ENABLE_OBJC_WEAK = YES;
				CLANG_WARN_BLOCK_CAPTURE_AUTORELEASING = YES;
				CLANG_WARN_BOOL_CONVERSION = YES;
				CLANG_WARN_COMMA = YES;
				CLANG_WARN_CONSTANT_CONVERSION = YES;
				CLANG_WARN_DEPRECATED_OBJC_IMPLEMENTATIONS = YES;
				CLANG_WARN_DIRECT_OBJC_ISA_USAGE = YES_ERROR;
				CLANG_WARN_DOCUMENTATION_COMMENTS = YES;
				CLANG_WARN_EMPTY_BODY = YES;
				CLANG_WARN_ENUM_CONVERSION = YES;
				CLANG_WARN_INFINITE_RECURSION = YES;
				CLANG_WARN_INT_CONVERSION = YES;
				CLANG_WARN_NON_LITERAL_NULL_CONVERSION = YES;
				CLANG_WARN_OBJC_IMPLICIT_RETAIN_SELF = YES;
				CLANG_WARN_OBJC_LITERAL_CONVERSION = YES;
				CLANG_WARN_OBJC_ROOT_CLASS = YES_ERROR;
				CLANG_WARN_RANGE_LOOP_ANALYSIS = YES;
				CLANG_WARN_STRICT_PROTOTYPES = YES;
				CLANG_WARN_SUSPICIOUS_MOVE = YES;
				CLANG_WARN_UNGUARDED_AVAILABILITY = YES_AGGRESSIVE;
				CLANG_WARN_UNREACHABLE_CODE = YES;
				CLANG_WARN__DUPLICATE_METHOD_MATCH = YES;
				CODE_SIGN_IDENTITY = "iPhone Developer";
				COPY_PHASE_STRIP = NO;
				DEBUG_INFORMATION_FORMAT = "dwarf-with-dsym";
				ENABLE_NS_ASSERTIONS = NO;
				ENABLE_STRICT_OBJC_MSGSEND = YES;
				GCC_C_LANGUAGE_STANDARD = gnu11;
				GCC_NO_COMMON_BLOCKS = YES;
				GCC_WARN_64_TO_32_BIT_CONVERSION = YES;
				GCC_WARN_ABOUT_RETURN_TYPE = YES_ERROR;
				GCC_WARN_UNDECLARED_SELECTOR = YES;
				GCC_WARN_UNINITIALIZED_AUTOS = YES_AGGRESSIVE;
				GCC_WARN_UNUSED_FUNCTION = YES;
				GCC_WARN_UNUSED_VARIABLE = YES;
				IPHONEOS_DEPLOYMENT_TARGET = 12.1;
				MTL_ENABLE_DEBUG_INFO = NO;
				MTL_FAST_MATH = YES;
				SDKROOT = iphoneos;
				SWIFT_COMPILATION_MODE = wholemodule;
				SWIFT_OPTIMIZATION_LEVEL = "-O";
				VALIDATE_PRODUCT = YES;
			};
			name = Release;
		};
		274D9780220DEF67005AC830 /* Debug */ = {
			isa = XCBuildConfiguration;
			baseConfigurationReference = 09FFC9831608472FBD169B15 /* Pods-HertzKiosk-iPad.debug.xcconfig */;
			buildSettings = {
				ASSETCATALOG_COMPILER_APPICON_NAME = AppIcon;
				CODE_SIGN_STYLE = Automatic;
				DEVELOPMENT_TEAM = TCNAFL4L48;
				INFOPLIST_FILE = HertzKiosk/Info.plist;
				IPHONEOS_DEPLOYMENT_TARGET = 12.0;
				LD_RUNPATH_SEARCH_PATHS = (
					"$(inherited)",
					"@executable_path/Frameworks",
				);
				PRODUCT_BUNDLE_IDENTIFIER = "com.haleyovenhouse.HertzKiosk-iPad";
				PRODUCT_NAME = "$(TARGET_NAME)";
				SWIFT_VERSION = 4.2;
				TARGETED_DEVICE_FAMILY = "1,2";
			};
			name = Debug;
		};
		274D9781220DEF67005AC830 /* Release */ = {
			isa = XCBuildConfiguration;
			baseConfigurationReference = 0DF9AA6586FFEC238E443949 /* Pods-HertzKiosk-iPad.release.xcconfig */;
			buildSettings = {
				ASSETCATALOG_COMPILER_APPICON_NAME = AppIcon;
				CODE_SIGN_STYLE = Automatic;
				DEVELOPMENT_TEAM = TCNAFL4L48;
				INFOPLIST_FILE = HertzKiosk/Info.plist;
				IPHONEOS_DEPLOYMENT_TARGET = 12.0;
				LD_RUNPATH_SEARCH_PATHS = (
					"$(inherited)",
					"@executable_path/Frameworks",
				);
				PRODUCT_BUNDLE_IDENTIFIER = "com.haleyovenhouse.HertzKiosk-iPad";
				PRODUCT_NAME = "$(TARGET_NAME)";
				SWIFT_VERSION = 4.2;
				TARGETED_DEVICE_FAMILY = "1,2";
			};
			name = Release;
		};
/* End XCBuildConfiguration section */

/* Begin XCConfigurationList section */
		274D9768220DEF65005AC830 /* Build configuration list for PBXProject "HertzKiosk-iPad" */ = {
			isa = XCConfigurationList;
			buildConfigurations = (
				274D977D220DEF67005AC830 /* Debug */,
				274D977E220DEF67005AC830 /* Release */,
			);
			defaultConfigurationIsVisible = 0;
			defaultConfigurationName = Release;
		};
		274D977F220DEF67005AC830 /* Build configuration list for PBXNativeTarget "HertzKiosk-iPad" */ = {
			isa = XCConfigurationList;
			buildConfigurations = (
				274D9780220DEF67005AC830 /* Debug */,
				274D9781220DEF67005AC830 /* Release */,
			);
			defaultConfigurationIsVisible = 0;
			defaultConfigurationName = Release;
		};
/* End XCConfigurationList section */
	};
	rootObject = 274D9765220DEF65005AC830 /* Project object */;
}
